
Microsoft Visual Studio Solution File, Format Version 12.00
# Visual Studio Version 17
VisualStudioVersion = 17.6.33829.357
MinimumVisualStudioVersion = 10.0.40219.1
Project("{FAE04EC0-301F-11D3-BF4B-00C04F79EFBC}") = "MatISN", "MatISN\MatISN.csproj", "{3E7DC853-E11D-46A3-9F88-A8DD6391D145}"
EndProject
Global
	GlobalSection(SolutionConfigurationPlatforms) = preSolution
		Debug|Any CPU = Debug|Any CPU
		Release|Any CPU = Release|Any CPU
	EndGlobalSection
	GlobalSection(ProjectConfigurationPlatforms) = postSolution
		{3E7DC853-E11D-46A3-9F88-A8DD6391D145}.Debug|Any CPU.ActiveCfg = Debug|Any CPU
		{3E7DC853-E11D-46A3-9F88-A8DD6391D145}.Debug|Any CPU.Build.0 = Debug|Any CPU
		{3E7DC853-E11D-46A3-9F88-A8DD6391D145}.Release|Any CPU.ActiveCfg = Release|Any CPU
		{3E7DC853-E11D-46A3-9F88-A8DD6391D145}.Release|Any CPU.Build.0 = Release|Any CPU
	EndGlobalSection
	GlobalSection(SolutionProperties) = preSolution
		HideSolutionNode = FALSE
	EndGlobalSection
	GlobalSection(ExtensibilityGlobals) = postSolution
		SolutionGuid = {EE7EFD15-2CBD-4918-B01F-CAE320E3B033}
	EndGlobalSection
EndGlobal
